
Microsoft Visual Studio Solution File, Format Version 12.00
# Visual Studio Version 16
VisualStudioVersion = 16.0.32106.194
MinimumVisualStudioVersion = 10.0.40219.1
Project("{FAE04EC0-301F-11D3-BF4B-00C04F79EFBC}") = "Definition of temperament", "WindowsFormsApp1\Definition of temperament.csproj", "{AAB0206A-3BEB-49B9-BE5D-873E2A90808A}"
EndProject
Global
	GlobalSection(SolutionConfigurationPlatforms) = preSolution
		Debug|Any CPU = Debug|Any CPU
		Release|Any CPU = Release|Any CPU
	EndGlobalSection
	GlobalSection(ProjectConfigurationPlatforms) = postSolution
		{AAB0206A-3BEB-49B9-BE5D-873E2A90808A}.Debug|Any CPU.ActiveCfg = Debug|Any CPU
		{AAB0206A-3BEB-49B9-BE5D-873E2A90808A}.Debug|Any CPU.Build.0 = Debug|Any CPU
		{AAB0206A-3BEB-49B9-BE5D-873E2A90808A}.Release|Any CPU.ActiveCfg = Release|Any CPU
		{AAB0206A-3BEB-49B9-BE5D-873E2A90808A}.Release|Any CPU.Build.0 = Release|Any CPU
	EndGlobalSection
	GlobalSection(SolutionProperties) = preSolution
		HideSolutionNode = FALSE
	EndGlobalSection
	GlobalSection(ExtensibilityGlobals) = postSolution
		SolutionGuid = {F2C32FBE-1863-46B9-A735-C715D92BE85E}
	EndGlobalSection
EndGlobal
